// !$*UTF8*$!
{
	archiveVersion = 1;
	classes = {
	};
	objectVersion = 55;
	objects = {

/* Begin PBXBuildFile section */
		AD126AAB27096651004766E4 /* HexagonParameters.swift in Sources */ = {isa = PBXBuildFile; fileRef = AD126AAA27096651004766E4 /* HexagonParameters.swift */; };
		AD126AAD27099C51004766E4 /* BadgeBackground.swift in Sources */ = {isa = PBXBuildFile; fileRef = AD126AAC27099C51004766E4 /* BadgeBackground.swift */; };
		AD126AAF2709A14F004766E4 /* BadgeSymbol.swift in Sources */ = {isa = PBXBuildFile; fileRef = AD126AAE2709A14F004766E4 /* BadgeSymbol.swift */; };
		AD126AB12709A427004766E4 /* RotatedBadgeSymbol.swift in Sources */ = {isa = PBXBuildFile; fileRef = AD126AB02709A427004766E4 /* RotatedBadgeSymbol.swift */; };
		AD126AB32709A507004766E4 /* Badge.swift in Sources */ = {isa = PBXBuildFile; fileRef = AD126AB22709A507004766E4 /* Badge.swift */; };
		AD126AB62709A6CF004766E4 /* hikeData.json in Resources */ = {isa = PBXBuildFile; fileRef = AD126AB52709A6CF004766E4 /* hikeData.json */; };
		AD126AB82709A715004766E4 /* Hike.swift in Sources */ = {isa = PBXBuildFile; fileRef = AD126AB72709A715004766E4 /* Hike.swift */; };
		AD126ABE2709A756004766E4 /* GraphCapsule.swift in Sources */ = {isa = PBXBuildFile; fileRef = AD126ABA2709A756004766E4 /* GraphCapsule.swift */; };
		AD126ABF2709A756004766E4 /* HikeGraph.swift in Sources */ = {isa = PBXBuildFile; fileRef = AD126ABB2709A756004766E4 /* HikeGraph.swift */; };
		AD126AC02709A756004766E4 /* HikeDetail.swift in Sources */ = {isa = PBXBuildFile; fileRef = AD126ABC2709A756004766E4 /* HikeDetail.swift */; };
		AD126AC12709A756004766E4 /* HikeView.swift in Sources */ = {isa = PBXBuildFile; fileRef = AD126ABD2709A756004766E4 /* HikeView.swift */; };
		AD126AC42709AF26004766E4 /* CategoryHome.swift in Sources */ = {isa = PBXBuildFile; fileRef = AD126AC32709AF26004766E4 /* CategoryHome.swift */; };
		AD126AC6270A23CE004766E4 /* CategoryRow.swift in Sources */ = {isa = PBXBuildFile; fileRef = AD126AC5270A23CE004766E4 /* CategoryRow.swift */; };
		AD126AC8270A24E6004766E4 /* CategoryItem.swift in Sources */ = {isa = PBXBuildFile; fileRef = AD126AC7270A24E6004766E4 /* CategoryItem.swift */; };
		AD126ACA270A322F004766E4 /* Profile.swift in Sources */ = {isa = PBXBuildFile; fileRef = AD126AC9270A322F004766E4 /* Profile.swift */; };
		AD126ACD270A3298004766E4 /* ProfileHost.swift in Sources */ = {isa = PBXBuildFile; fileRef = AD126ACC270A3298004766E4 /* ProfileHost.swift */; };
		ADC871902705707400DDE7D6 /* LandmarksApp.swift in Sources */ = {isa = PBXBuildFile; fileRef = ADC8718F2705707400DDE7D6 /* LandmarksApp.swift */; };
		ADC871922705707400DDE7D6 /* ContentView.swift in Sources */ = {isa = PBXBuildFile; fileRef = ADC871912705707400DDE7D6 /* ContentView.swift */; };
		ADC871942705707800DDE7D6 /* Assets.xcassets in Resources */ = {isa = PBXBuildFile; fileRef = ADC871932705707800DDE7D6 /* Assets.xcassets */; };
		ADC871972705707800DDE7D6 /* Preview Assets.xcassets in Resources */ = {isa = PBXBuildFile; fileRef = ADC871962705707800DDE7D6 /* Preview Assets.xcassets */; };
		ADC871A12705716A00DDE7D6 /* landmarkData.json in Resources */ = {isa = PBXBuildFile; fileRef = ADC871A02705716A00DDE7D6 /* landmarkData.json */; };
		ADC871A5270572D300DDE7D6 /* CircleImage.swift in Sources */ = {isa = PBXBuildFile; fileRef = ADC871A4270572D300DDE7D6 /* CircleImage.swift */; };
		ADC871A727059A4B00DDE7D6 /* MapView.swift in Sources */ = {isa = PBXBuildFile; fileRef = ADC871A627059A4B00DDE7D6 /* MapView.swift */; };
		ADC871A927059FB400DDE7D6 /* Landmark.swift in Sources */ = {isa = PBXBuildFile; fileRef = ADC871A827059FB400DDE7D6 /* Landmark.swift */; };
		ADC871AB2705A12B00DDE7D6 /* ModelData.swift in Sources */ = {isa = PBXBuildFile; fileRef = ADC871AA2705A12B00DDE7D6 /* ModelData.swift */; };
		ADC871AD2705A67100DDE7D6 /* LandmarkRow.swift in Sources */ = {isa = PBXBuildFile; fileRef = ADC871AC2705A67100DDE7D6 /* LandmarkRow.swift */; };
		ADC871AF2705A7D800DDE7D6 /* LandmarkList.swift in Sources */ = {isa = PBXBuildFile; fileRef = ADC871AE2705A7D800DDE7D6 /* LandmarkList.swift */; };
		ADC871B12705ACD600DDE7D6 /* LandmarkDetail.swift in Sources */ = {isa = PBXBuildFile; fileRef = ADC871B02705ACD600DDE7D6 /* LandmarkDetail.swift */; };
		ADC871B32705B59800DDE7D6 /* FavoriteButton.swift in Sources */ = {isa = PBXBuildFile; fileRef = ADC871B22705B59800DDE7D6 /* FavoriteButton.swift */; };
/* End PBXBuildFile section */

/* Begin PBXFileReference section */
		AD126AAA27096651004766E4 /* HexagonParameters.swift */ = {isa = PBXFileReference; lastKnownFileType = sourcecode.swift; path = HexagonParameters.swift; sourceTree = "<group>"; };
		AD126AAC27099C51004766E4 /* BadgeBackground.swift */ = {isa = PBXFileReference; lastKnownFileType = sourcecode.swift; path = BadgeBackground.swift; sourceTree = "<group>"; };
		AD126AAE2709A14F004766E4 /* BadgeSymbol.swift */ = {isa = PBXFileReference; lastKnownFileType = sourcecode.swift; path = BadgeSymbol.swift; sourceTree = "<group>"; };
		AD126AB02709A427004766E4 /* RotatedBadgeSymbol.swift */ = {isa = PBXFileReference; lastKnownFileType = sourcecode.swift; path = RotatedBadgeSymbol.swift; sourceTree = "<group>"; };
		AD126AB22709A507004766E4 /* Badge.swift */ = {isa = PBXFileReference; lastKnownFileType = sourcecode.swift; path = Badge.swift; sourceTree = "<group>"; };
		AD126AB52709A6CF004766E4 /* hikeData.json */ = {isa = PBXFileReference; fileEncoding = 4; lastKnownFileType = text.json; path = hikeData.json; sourceTree = "<group>"; };
		AD126AB72709A715004766E4 /* Hike.swift */ = {isa = PBXFileReference; lastKnownFileType = sourcecode.swift; path = Hike.swift; sourceTree = "<group>"; };
		AD126ABA2709A756004766E4 /* GraphCapsule.swift */ = {isa = PBXFileReference; fileEncoding = 4; lastKnownFileType = sourcecode.swift; path = GraphCapsule.swift; sourceTree = "<group>"; };
		AD126ABB2709A756004766E4 /* HikeGraph.swift */ = {isa = PBXFileReference; fileEncoding = 4; lastKnownFileType = sourcecode.swift; path = HikeGraph.swift; sourceTree = "<group>"; };
		AD126ABC2709A756004766E4 /* HikeDetail.swift */ = {isa = PBXFileReference; fileEncoding = 4; lastKnownFileType = sourcecode.swift; path = HikeDetail.swift; sourceTree = "<group>"; };
		AD126ABD2709A756004766E4 /* HikeView.swift */ = {isa = PBXFileReference; fileEncoding = 4; lastKnownFileType = sourcecode.swift; path = HikeView.swift; sourceTree = "<group>"; };
		AD126AC32709AF26004766E4 /* CategoryHome.swift */ = {isa = PBXFileReference; lastKnownFileType = sourcecode.swift; path = CategoryHome.swift; sourceTree = "<group>"; };
		AD126AC5270A23CE004766E4 /* CategoryRow.swift */ = {isa = PBXFileReference; lastKnownFileType = sourcecode.swift; path = CategoryRow.swift; sourceTree = "<group>"; };
		AD126AC7270A24E6004766E4 /* CategoryItem.swift */ = {isa = PBXFileReference; lastKnownFileType = sourcecode.swift; path = CategoryItem.swift; sourceTree = "<group>"; };
		AD126AC9270A322F004766E4 /* Profile.swift */ = {isa = PBXFileReference; lastKnownFileType = sourcecode.swift; path = Profile.swift; sourceTree = "<group>"; };
		AD126ACC270A3298004766E4 /* ProfileHost.swift */ = {isa = PBXFileReference; lastKnownFileType = sourcecode.swift; path = ProfileHost.swift; sourceTree = "<group>"; };
		ADC8718C2705707400DDE7D6 /* Landmarks.app */ = {isa = PBXFileReference; explicitFileType = wrapper.application; includeInIndex = 0; path = Landmarks.app; sourceTree = BUILT_PRODUCTS_DIR; };
		ADC8718F2705707400DDE7D6 /* LandmarksApp.swift */ = {isa = PBXFileReference; lastKnownFileType = sourcecode.swift; path = LandmarksApp.swift; sourceTree = "<group>"; };
		ADC871912705707400DDE7D6 /* ContentView.swift */ = {isa = PBXFileReference; lastKnownFileType = sourcecode.swift; path = ContentView.swift; sourceTree = "<group>"; };
		ADC871932705707800DDE7D6 /* Assets.xcassets */ = {isa = PBXFileReference; lastKnownFileType = folder.assetcatalog; path = Assets.xcassets; sourceTree = "<group>"; };
		ADC871962705707800DDE7D6 /* Preview Assets.xcassets */ = {isa = PBXFileReference; lastKnownFileType = folder.assetcatalog; path = "Preview Assets.xcassets"; sourceTree = "<group>"; };
		ADC871A02705716A00DDE7D6 /* landmarkData.json */ = {isa = PBXFileReference; fileEncoding = 4; lastKnownFileType = text.json; path = landmarkData.json; sourceTree = "<group>"; };
		ADC871A4270572D300DDE7D6 /* CircleImage.swift */ = {isa = PBXFileReference; lastKnownFileType = sourcecode.swift; path = CircleImage.swift; sourceTree = "<group>"; };
		ADC871A627059A4B00DDE7D6 /* MapView.swift */ = {isa = PBXFileReference; lastKnownFileType = sourcecode.swift; path = MapView.swift; sourceTree = "<group>"; };
		ADC871A827059FB400DDE7D6 /* Landmark.swift */ = {isa = PBXFileReference; lastKnownFileType = sourcecode.swift; path = Landmark.swift; sourceTree = "<group>"; };
		ADC871AA2705A12B00DDE7D6 /* ModelData.swift */ = {isa = PBXFileReference; lastKnownFileType = sourcecode.swift; path = ModelData.swift; sourceTree = "<group>"; };
		ADC871AC2705A67100DDE7D6 /* LandmarkRow.swift */ = {isa = PBXFileReference; lastKnownFileType = sourcecode.swift; path = LandmarkRow.swift; sourceTree = "<group>"; };
		ADC871AE2705A7D800DDE7D6 /* LandmarkList.swift */ = {isa = PBXFileReference; lastKnownFileType = sourcecode.swift; path = LandmarkList.swift; sourceTree = "<group>"; };
		ADC871B02705ACD600DDE7D6 /* LandmarkDetail.swift */ = {isa = PBXFileReference; lastKnownFileType = sourcecode.swift; path = LandmarkDetail.swift; sourceTree = "<group>"; };
		ADC871B22705B59800DDE7D6 /* FavoriteButton.swift */ = {isa = PBXFileReference; lastKnownFileType = sourcecode.swift; path = FavoriteButton.swift; sourceTree = "<group>"; };
/* End PBXFileReference section */

/* Begin PBXFrameworksBuildPhase section */
		ADC871892705707400DDE7D6 /* Frameworks */ = {
			isa = PBXFrameworksBuildPhase;
			buildActionMask = 2147483647;
			files = (
			);
			runOnlyForDeploymentPostprocessing = 0;
		};
/* End PBXFrameworksBuildPhase section */

/* Begin PBXGroup section */
		AD126AB42709A590004766E4 /* Badge */ = {
			isa = PBXGroup;
			children = (
				AD126AB22709A507004766E4 /* Badge.swift */,
				AD126AAE2709A14F004766E4 /* BadgeSymbol.swift */,
				AD126AAC27099C51004766E4 /* BadgeBackground.swift */,
				AD126AAA27096651004766E4 /* HexagonParameters.swift */,
				AD126AB02709A427004766E4 /* RotatedBadgeSymbol.swift */,
			);
			path = Badge;
			sourceTree = "<group>";
		};
		AD126AB92709A756004766E4 /* Hikes */ = {
			isa = PBXGroup;
			children = (
				AD126ABA2709A756004766E4 /* GraphCapsule.swift */,
				AD126ABB2709A756004766E4 /* HikeGraph.swift */,
				AD126ABC2709A756004766E4 /* HikeDetail.swift */,
				AD126ABD2709A756004766E4 /* HikeView.swift */,
			);
			path = Hikes;
			sourceTree = "<group>";
		};
		AD126AC22709AF07004766E4 /* Categories */ = {
			isa = PBXGroup;
			children = (
				AD126AC32709AF26004766E4 /* CategoryHome.swift */,
				AD126AC5270A23CE004766E4 /* CategoryRow.swift */,
				AD126AC7270A24E6004766E4 /* CategoryItem.swift */,
			);
			path = Categories;
			sourceTree = "<group>";
		};
		AD126ACB270A3283004766E4 /* Profiles */ = {
			isa = PBXGroup;
			children = (
				AD126ACC270A3298004766E4 /* ProfileHost.swift */,
			);
			path = Profiles;
			sourceTree = "<group>";
		};
		ADC871832705707400DDE7D6 = {
			isa = PBXGroup;
			children = (
				ADC8718E2705707400DDE7D6 /* Landmarks */,
				ADC8718D2705707400DDE7D6 /* Products */,
			);
			sourceTree = "<group>";
		};
		ADC8718D2705707400DDE7D6 /* Products */ = {
			isa = PBXGroup;
			children = (
				ADC8718C2705707400DDE7D6 /* Landmarks.app */,
			);
			name = Products;
			sourceTree = "<group>";
		};
		ADC8718E2705707400DDE7D6 /* Landmarks */ = {
			isa = PBXGroup;
			children = (
				ADC8719F2705714A00DDE7D6 /* Resources */,
				ADC8719E2705713400DDE7D6 /* Model */,
				ADC8719D2705712F00DDE7D6 /* Views */,
				ADC8718F2705707400DDE7D6 /* LandmarksApp.swift */,
				ADC871932705707800DDE7D6 /* Assets.xcassets */,
				ADC871952705707800DDE7D6 /* Preview Content */,
			);
			path = Landmarks;
			sourceTree = "<group>";
		};
		ADC871952705707800DDE7D6 /* Preview Content */ = {
			isa = PBXGroup;
			children = (
				ADC871962705707800DDE7D6 /* Preview Assets.xcassets */,
			);
			path = "Preview Content";
			sourceTree = "<group>";
		};
		ADC8719D2705712F00DDE7D6 /* Views */ = {
			isa = PBXGroup;
			children = (
				ADC871912705707400DDE7D6 /* ContentView.swift */,
				AD126ACB270A3283004766E4 /* Profiles */,
				AD126AC22709AF07004766E4 /* Categories */,
				AD126AB92709A756004766E4 /* Hikes */,
				AD126AB42709A590004766E4 /* Badge */,
				ADC871A32705717A00DDE7D6 /* Helpers */,
				ADC871A22705717400DDE7D6 /* Landmarks */,
			);
			path = Views;
			sourceTree = "<group>";
		};
		ADC8719E2705713400DDE7D6 /* Model */ = {
			isa = PBXGroup;
			children = (
				ADC871A827059FB400DDE7D6 /* Landmark.swift */,
				ADC871AA2705A12B00DDE7D6 /* ModelData.swift */,
				AD126AB72709A715004766E4 /* Hike.swift */,
				AD126AC9270A322F004766E4 /* Profile.swift */,
			);
			path = Model;
			sourceTree = "<group>";
		};
		ADC8719F2705714A00DDE7D6 /* Resources */ = {
			isa = PBXGroup;
			children = (
				AD126AB52709A6CF004766E4 /* hikeData.json */,
				ADC871A02705716A00DDE7D6 /* landmarkData.json */,
			);
			path = Resources;
			sourceTree = "<group>";
		};
		ADC871A22705717400DDE7D6 /* Landmarks */ = {
			isa = PBXGroup;
			children = (
				ADC871AC2705A67100DDE7D6 /* LandmarkRow.swift */,
				ADC871AE2705A7D800DDE7D6 /* LandmarkList.swift */,
				ADC871B02705ACD600DDE7D6 /* LandmarkDetail.swift */,
			);
			path = Landmarks;
			sourceTree = "<group>";
		};
		ADC871A32705717A00DDE7D6 /* Helpers */ = {
			isa = PBXGroup;
			children = (
				ADC871A4270572D300DDE7D6 /* CircleImage.swift */,
				ADC871A627059A4B00DDE7D6 /* MapView.swift */,
				ADC871B22705B59800DDE7D6 /* FavoriteButton.swift */,
			);
			path = Helpers;
			sourceTree = "<group>";
		};
/* End PBXGroup section */

/* Begin PBXNativeTarget section */
		ADC8718B2705707400DDE7D6 /* Landmarks */ = {
			isa = PBXNativeTarget;
			buildConfigurationList = ADC8719A2705707800DDE7D6 /* Build configuration list for PBXNativeTarget "Landmarks" */;
			buildPhases = (
				ADC871882705707400DDE7D6 /* Sources */,
				ADC871892705707400DDE7D6 /* Frameworks */,
				ADC8718A2705707400DDE7D6 /* Resources */,
			);
			buildRules = (
			);
			dependencies = (
			);
			name = Landmarks;
			productName = Landmarks;
			productReference = ADC8718C2705707400DDE7D6 /* Landmarks.app */;
			productType = "com.apple.product-type.application";
		};
/* End PBXNativeTarget section */

/* Begin PBXProject section */
		ADC871842705707400DDE7D6 /* Project object */ = {
			isa = PBXProject;
			attributes = {
				BuildIndependentTargetsInParallel = 1;
				LastSwiftUpdateCheck = 1300;
				LastUpgradeCheck = 1300;
				TargetAttributes = {
					ADC8718B2705707400DDE7D6 = {
						CreatedOnToolsVersion = 13.0;
					};
				};
			};
			buildConfigurationList = ADC871872705707400DDE7D6 /* Build configuration list for PBXProject "Landmarks" */;
			compatibilityVersion = "Xcode 13.0";
			developmentRegion = en;
			hasScannedForEncodings = 0;
			knownRegions = (
				en,
				Base,
			);
			mainGroup = ADC871832705707400DDE7D6;
			productRefGroup = ADC8718D2705707400DDE7D6 /* Products */;
			projectDirPath = "";
			projectRoot = "";
			targets = (
				ADC8718B2705707400DDE7D6 /* Landmarks */,
			);
		};
/* End PBXProject section */

/* Begin PBXResourcesBuildPhase section */
		ADC8718A2705707400DDE7D6 /* Resources */ = {
			isa = PBXResourcesBuildPhase;
			buildActionMask = 2147483647;
			files = (
				AD126AB62709A6CF004766E4 /* hikeData.json in Resources */,
				ADC871972705707800DDE7D6 /* Preview Assets.xcassets in Resources */,
				ADC871942705707800DDE7D6 /* Assets.xcassets in Resources */,
				ADC871A12705716A00DDE7D6 /* landmarkData.json in Resources */,
			);
			runOnlyForDeploymentPostprocessing = 0;
		};
/* End PBXResourcesBuildPhase section */

/* Begin PBXSourcesBuildPhase section */
		ADC871882705707400DDE7D6 /* Sources */ = {
			isa = PBXSourcesBuildPhase;
			buildActionMask = 2147483647;
			files = (
				AD126AC6270A23CE004766E4 /* CategoryRow.swift in Sources */,
				AD126ACA270A322F004766E4 /* Profile.swift in Sources */,
				ADC871922705707400DDE7D6 /* ContentView.swift in Sources */,
				AD126AC42709AF26004766E4 /* CategoryHome.swift in Sources */,
				AD126ABF2709A756004766E4 /* HikeGraph.swift in Sources */,
				AD126AB32709A507004766E4 /* Badge.swift in Sources */,
				ADC871A727059A4B00DDE7D6 /* MapView.swift in Sources */,
				AD126ABE2709A756004766E4 /* GraphCapsule.swift in Sources */,
				ADC871902705707400DDE7D6 /* LandmarksApp.swift in Sources */,
				ADC871B32705B59800DDE7D6 /* FavoriteButton.swift in Sources */,
				AD126AC8270A24E6004766E4 /* CategoryItem.swift in Sources */,
				AD126AC02709A756004766E4 /* HikeDetail.swift in Sources */,
				AD126AAB27096651004766E4 /* HexagonParameters.swift in Sources */,
				AD126ACD270A3298004766E4 /* ProfileHost.swift in Sources */,
				AD126AB82709A715004766E4 /* Hike.swift in Sources */,
				AD126AB12709A427004766E4 /* RotatedBadgeSymbol.swift in Sources */,
				AD126AAF2709A14F004766E4 /* BadgeSymbol.swift in Sources */,
				ADC871AF2705A7D800DDE7D6 /* LandmarkList.swift in Sources */,
				AD126AC12709A756004766E4 /* HikeView.swift in Sources */,
				ADC871B12705ACD600DDE7D6 /* LandmarkDetail.swift in Sources */,
				AD126AAD27099C51004766E4 /* BadgeBackground.swift in Sources */,
				ADC871A5270572D300DDE7D6 /* CircleImage.swift in Sources */,
				ADC871A927059FB400DDE7D6 /* Landmark.swift in Sources */,
				ADC871AD2705A67100DDE7D6 /* LandmarkRow.swift in Sources */,
				ADC871AB2705A12B00DDE7D6 /* ModelData.swift in Sources */,
			);
			runOnlyForDeploymentPostprocessing = 0;
		};
/* End PBXSourcesBuildPhase section */

/* Begin XCBuildConfiguration section */
		ADC871982705707800DDE7D6 /* Debug */ = {
			isa = XCBuildConfiguration;
			buildSettings = {
				ALWAYS_SEARCH_USER_PATHS = NO;
				CLANG_ANALYZER_NONNULL = YES;
				CLANG_ANALYZER_NUMBER_OBJECT_CONVERSION = YES_AGGRESSIVE;
				CLANG_CXX_LANGUAGE_STANDARD = "gnu++17";
				CLANG_CXX_LIBRARY = "libc++";
				CLANG_ENABLE_MODULES = YES;
				CLANG_ENABLE_OBJC_ARC = YES;
				CLANG_ENABLE_OBJC_WEAK = YES;
				CLANG_WARN_BLOCK_CAPTURE_AUTORELEASING = YES;
				CLANG_WARN_BOOL_CONVERSION = YES;
				CLANG_WARN_COMMA = YES;
				CLANG_WARN_CONSTANT_CONVERSION = YES;
				CLANG_WARN_DEPRECATED_OBJC_IMPLEMENTATIONS = YES;
				CLANG_WARN_DIRECT_OBJC_ISA_USAGE = YES_ERROR;
				CLANG_WARN_DOCUMENTATION_COMMENTS = YES;
				CLANG_WARN_EMPTY_BODY = YES;
				CLANG_WARN_ENUM_CONVERSION = YES;
				CLANG_WARN_INFINITE_RECURSION = YES;
				CLANG_WARN_INT_CONVERSION = YES;
				CLANG_WARN_NON_LITERAL_NULL_CONVERSION = YES;
				CLANG_WARN_OBJC_IMPLICIT_RETAIN_SELF = YES;
				CLANG_WARN_OBJC_LITERAL_CONVERSION = YES;
				CLANG_WARN_OBJC_ROOT_CLASS = YES_ERROR;
				CLANG_WARN_QUOTED_INCLUDE_IN_FRAMEWORK_HEADER = YES;
				CLANG_WARN_RANGE_LOOP_ANALYSIS = YES;
				CLANG_WARN_STRICT_PROTOTYPES = YES;
				CLANG_WARN_SUSPICIOUS_MOVE = YES;
				CLANG_WARN_UNGUARDED_AVAILABILITY = YES_AGGRESSIVE;
				CLANG_WARN_UNREACHABLE_CODE = YES;
				CLANG_WARN__DUPLICATE_METHOD_MATCH = YES;
				COPY_PHASE_STRIP = NO;
				DEBUG_INFORMATION_FORMAT = dwarf;
				ENABLE_STRICT_OBJC_MSGSEND = YES;
				ENABLE_TESTABILITY = YES;
				GCC_C_LANGUAGE_STANDARD = gnu11;
				GCC_DYNAMIC_NO_PIC = NO;
				GCC_NO_COMMON_BLOCKS = YES;
				GCC_OPTIMIZATION_LEVEL = 0;
				GCC_PREPROCESSOR_DEFINITIONS = (
					"DEBUG=1",
					"$(inherited)",
				);
				GCC_WARN_64_TO_32_BIT_CONVERSION = YES;
				GCC_WARN_ABOUT_RETURN_TYPE = YES_ERROR;
				GCC_WARN_UNDECLARED_SELECTOR = YES;
				GCC_WARN_UNINITIALIZED_AUTOS = YES_AGGRESSIVE;
				GCC_WARN_UNUSED_FUNCTION = YES;
				GCC_WARN_UNUSED_VARIABLE = YES;
				IPHONEOS_DEPLOYMENT_TARGET = 15.0;
				MTL_ENABLE_DEBUG_INFO = INCLUDE_SOURCE;
				MTL_FAST_MATH = YES;
				ONLY_ACTIVE_ARCH = YES;
				SDKROOT = iphoneos;
				SWIFT_ACTIVE_COMPILATION_CONDITIONS = DEBUG;
				SWIFT_OPTIMIZATION_LEVEL = "-Onone";
			};
			name = Debug;
		};
		ADC871992705707800DDE7D6 /* Release */ = {
			isa = XCBuildConfiguration;
			buildSettings = {
				ALWAYS_SEARCH_USER_PATHS = NO;
				CLANG_ANALYZER_NONNULL = YES;
				CLANG_ANALYZER_NUMBER_OBJECT_CONVERSION = YES_AGGRESSIVE;
				CLANG_CXX_LANGUAGE_STANDARD = "gnu++17";
				CLANG_CXX_LIBRARY = "libc++";
				CLANG_ENABLE_MODULES = YES;
				CLANG_ENABLE_OBJC_ARC = YES;
				CLANG_ENABLE_OBJC_WEAK = YES;
				CLANG_WARN_BLOCK_CAPTURE_AUTORELEASING = YES;
				CLANG_WARN_BOOL_CONVERSION = YES;
				CLANG_WARN_COMMA = YES;
				CLANG_WARN_CONSTANT_CONVERSION = YES;
				CLANG_WARN_DEPRECATED_OBJC_IMPLEMENTATIONS = YES;
				CLANG_WARN_DIRECT_OBJC_ISA_USAGE = YES_ERROR;
				CLANG_WARN_DOCUMENTATION_COMMENTS = YES;
				CLANG_WARN_EMPTY_BODY = YES;
				CLANG_WARN_ENUM_CONVERSION = YES;
				CLANG_WARN_INFINITE_RECURSION = YES;
				CLANG_WARN_INT_CONVERSION = YES;
				CLANG_WARN_NON_LITERAL_NULL_CONVERSION = YES;
				CLANG_WARN_OBJC_IMPLICIT_RETAIN_SELF = YES;
				CLANG_WARN_OBJC_LITERAL_CONVERSION = YES;
				CLANG_WARN_OBJC_ROOT_CLASS = YES_ERROR;
				CLANG_WARN_QUOTED_INCLUDE_IN_FRAMEWORK_HEADER = YES;
				CLANG_WARN_RANGE_LOOP_ANALYSIS = YES;
				CLANG_WARN_STRICT_PROTOTYPES = YES;
				CLANG_WARN_SUSPICIOUS_MOVE = YES;
				CLANG_WARN_UNGUARDED_AVAILABILITY = YES_AGGRESSIVE;
				CLANG_WARN_UNREACHABLE_CODE = YES;
				CLANG_WARN__DUPLICATE_METHOD_MATCH = YES;
				COPY_PHASE_STRIP = NO;
				DEBUG_INFORMATION_FORMAT = "dwarf-with-dsym";
				ENABLE_NS_ASSERTIONS = NO;
				ENABLE_STRICT_OBJC_MSGSEND = YES;
				GCC_C_LANGUAGE_STANDARD = gnu11;
				GCC_NO_COMMON_BLOCKS = YES;
				GCC_WARN_64_TO_32_BIT_CONVERSION = YES;
				GCC_WARN_ABOUT_RETURN_TYPE = YES_ERROR;
				GCC_WARN_UNDECLARED_SELECTOR = YES;
				GCC_WARN_UNINITIALIZED_AUTOS = YES_AGGRESSIVE;
				GCC_WARN_UNUSED_FUNCTION = YES;
				GCC_WARN_UNUSED_VARIABLE = YES;
				IPHONEOS_DEPLOYMENT_TARGET = 15.0;
				MTL_ENABLE_DEBUG_INFO = NO;
				MTL_FAST_MATH = YES;
				SDKROOT = iphoneos;
				SWIFT_COMPILATION_MODE = wholemodule;
				SWIFT_OPTIMIZATION_LEVEL = "-O";
				VALIDATE_PRODUCT = YES;
			};
			name = Release;
		};
		ADC8719B2705707800DDE7D6 /* Debug */ = {
			isa = XCBuildConfiguration;
			buildSettings = {
				ASSETCATALOG_COMPILER_APPICON_NAME = AppIcon;
				ASSETCATALOG_COMPILER_GLOBAL_ACCENT_COLOR_NAME = AccentColor;
				CODE_SIGN_STYLE = Automatic;
				CURRENT_PROJECT_VERSION = 1;
				DEVELOPMENT_ASSET_PATHS = "\"Landmarks/Preview Content\"";
				DEVELOPMENT_TEAM = P5G5J5RV2G;
				ENABLE_PREVIEWS = YES;
				GENERATE_INFOPLIST_FILE = YES;
				INFOPLIST_KEY_UIApplicationSceneManifest_Generation = YES;
				INFOPLIST_KEY_UIApplicationSupportsIndirectInputEvents = YES;
				INFOPLIST_KEY_UILaunchScreen_Generation = YES;
				INFOPLIST_KEY_UISupportedInterfaceOrientations_iPad = "UIInterfaceOrientationPortrait UIInterfaceOrientationPortraitUpsideDown UIInterfaceOrientationLandscapeLeft UIInterfaceOrientationLandscapeRight";
				INFOPLIST_KEY_UISupportedInterfaceOrientations_iPhone = "UIInterfaceOrientationPortrait UIInterfaceOrientationLandscapeLeft UIInterfaceOrientationLandscapeRight";
				IPHONEOS_DEPLOYMENT_TARGET = 14.0;
				LD_RUNPATH_SEARCH_PATHS = (
					"$(inherited)",
					"@executable_path/Frameworks",
				);
				MARKETING_VERSION = 1.0;
				PRODUCT_BUNDLE_IDENTIFIER = com.tund.Landmarks;
				PRODUCT_NAME = "$(TARGET_NAME)";
				SWIFT_EMIT_LOC_STRINGS = YES;
				SWIFT_VERSION = 5.0;
				TARGETED_DEVICE_FAMILY = "1,2";
			};
			name = Debug;
		};
		ADC8719C2705707800DDE7D6 /* Release */ = {
			isa = XCBuildConfiguration;
			buildSettings = {
				ASSETCATALOG_COMPILER_APPICON_NAME = AppIcon;
				ASSETCATALOG_COMPILER_GLOBAL_ACCENT_COLOR_NAME = AccentColor;
				CODE_SIGN_STYLE = Automatic;
				CURRENT_PROJECT_VERSION = 1;
				DEVELOPMENT_ASSET_PATHS = "\"Landmarks/Preview Content\"";
				DEVELOPMENT_TEAM = P5G5J5RV2G;
				ENABLE_PREVIEWS = YES;
				GENERATE_INFOPLIST_FILE = YES;
				INFOPLIST_KEY_UIApplicationSceneManifest_Generation = YES;
				INFOPLIST_KEY_UIApplicationSupportsIndirectInputEvents = YES;
				INFOPLIST_KEY_UILaunchScreen_Generation = YES;
				INFOPLIST_KEY_UISupportedInterfaceOrientations_iPad = "UIInterfaceOrientationPortrait UIInterfaceOrientationPortraitUpsideDown UIInterfaceOrientationLandscapeLeft UIInterfaceOrientationLandscapeRight";
				INFOPLIST_KEY_UISupportedInterfaceOrientations_iPhone = "UIInterfaceOrientationPortrait UIInterfaceOrientationLandscapeLeft UIInterfaceOrientationLandscapeRight";
				IPHONEOS_DEPLOYMENT_TARGET = 14.0;
				LD_RUNPATH_SEARCH_PATHS = (
					"$(inherited)",
					"@executable_path/Frameworks",
				);
				MARKETING_VERSION = 1.0;
				PRODUCT_BUNDLE_IDENTIFIER = com.tund.Landmarks;
				PRODUCT_NAME = "$(TARGET_NAME)";
				SWIFT_EMIT_LOC_STRINGS = YES;
				SWIFT_VERSION = 5.0;
				TARGETED_DEVICE_FAMILY = "1,2";
			};
			name = Release;
		};
/* End XCBuildConfiguration section */

/* Begin XCConfigurationList section */
		ADC871872705707400DDE7D6 /* Build configuration list for PBXProject "Landmarks" */ = {
			isa = XCConfigurationList;
			buildConfigurations = (
				ADC871982705707800DDE7D6 /* Debug */,
				ADC871992705707800DDE7D6 /* Release */,
			);
			defaultConfigurationIsVisible = 0;
			defaultConfigurationName = Release;
		};
		ADC8719A2705707800DDE7D6 /* Build configuration list for PBXNativeTarget "Landmarks" */ = {
			isa = XCConfigurationList;
			buildConfigurations = (
				ADC8719B2705707800DDE7D6 /* Debug */,
				ADC8719C2705707800DDE7D6 /* Release */,
			);
			defaultConfigurationIsVisible = 0;
			defaultConfigurationName = Release;
		};
/* End XCConfigurationList section */
	};
	rootObject = ADC871842705707400DDE7D6 /* Project object */;
}
